
Microsoft Visual Studio Solution File, Format Version 12.00
# Visual Studio Version 18
VisualStudioVersion = 18.6.11822.322
MinimumVisualStudioVersion = 10.0.40219.1
Project("{FAE04EC0-301F-11D3-BF4B-00C04F79EFBC}") = "01_Intro", "01_Intro\01_Intro.csproj", "{FFEAA386-8E79-4691-B5B5-73BDE413081A}"
EndProject
Project("{FAE04EC0-301F-11D3-BF4B-00C04F79EFBC}") = "02_Array", "02_Array\02_Array.csproj", "{9FD9233D-FB66-480A-8B04-866FA27B9828}"
EndProject
Project("{FAE04EC0-301F-11D3-BF4B-00C04F79EFBC}") = "03_String", "03_String\03_String.csproj", "{1BEF89C8-3B8C-4F96-ACFD-2B2C57E8AA34}"
EndProject
Project("{FAE04EC0-301F-11D3-BF4B-00C04F79EFBC}") = "03_01_StringBuilder", "03_01_StringBuilder\03_01_StringBuilder.csproj", "{745DC1C5-257A-438F-900D-D6E15A9E9F2F}"
EndProject
Project("{FAE04EC0-301F-11D3-BF4B-00C04F79EFBC}") = "04_IntroOOP", "04_IntroOOP\04_IntroOOP.csproj", "{C07FCCEB-A35C-4F09-9A4B-5A69D1686D28}"
EndProject
Project("{FAE04EC0-301F-11D3-BF4B-00C04F79EFBC}") = "05_Struct", "05_Struct\05_Struct.csproj", "{21A78014-DA5B-4074-8AF0-B508277272C9}"
EndProject
Project("{FAE04EC0-301F-11D3-BF4B-00C04F79EFBC}") = "08_Indexers", "08_Indexers\08_Indexers.csproj", "{89141AB6-78E1-42CA-9AD8-723B0A69391A}"
EndProject
Project("{FAE04EC0-301F-11D3-BF4B-00C04F79EFBC}") = "09_Inheritance", "09_Inheritance\09_Inheritance.csproj", "{FB7FCF0D-63E2-4C24-8385-0B00C32499A0}"
EndProject
Project("{FAE04EC0-301F-11D3-BF4B-00C04F79EFBC}") = "10_Interfaces", "10_Interfaces\10_Interfaces.csproj", "{FDD40395-C674-418E-A0FD-93FEFC187A30}"
EndProject
Project("{FAE04EC0-301F-11D3-BF4B-00C04F79EFBC}") = "11_StandartInterfaces", "11_StandartInterfaces\11_StandartInterfaces.csproj", "{F2BEBAC3-DC46-48CB-A11E-D811E84B2914}"
EndProject
Project("{FAE04EC0-301F-11D3-BF4B-00C04F79EFBC}") = "12_Delegates", "12_Delegates\12_Delegates.csproj", "{0E7594EB-96F0-4A43-8120-4DE81FA3141E}"
EndProject
Project("{FAE04EC0-301F-11D3-BF4B-00C04F79EFBC}") = "12_1_Delegates", "12_1_Delegates\12_1_Delegates.csproj", "{08B0CA34-DDD1-4B90-BFB9-346CEE3A3592}"
EndProject
Project("{FAE04EC0-301F-11D3-BF4B-00C04F79EFBC}") = "13_Generic", "13_Generic\13_Generic.csproj", "{425714ED-A407-4FB1-9221-EDEC83052E77}"
EndProject
Project("{FAE04EC0-301F-11D3-BF4B-00C04F79EFBC}") = "14_Collections", "14_Collections\14_Collections.csproj", "{A069BB55-6C6F-4E53-9126-0E5A7AECD735}"
EndProject
Project("{FAE04EC0-301F-11D3-BF4B-00C04F79EFBC}") = "13_Generic_HW", "13_Generic_HW\13_Generic_HW.csproj", "{4973A09F-1A05-4B75-AC66-58FFE864F509}"
EndProject
Global
	GlobalSection(SolutionConfigurationPlatforms) = preSolution
		Debug|Any CPU = Debug|Any CPU
		Release|Any CPU = Release|Any CPU
	EndGlobalSection
	GlobalSection(ProjectConfigurationPlatforms) = postSolution
		{FFEAA386-8E79-4691-B5B5-73BDE413081A}.Debug|Any CPU.ActiveCfg = Debug|Any CPU
		{FFEAA386-8E79-4691-B5B5-73BDE413081A}.Debug|Any CPU.Build.0 = Debug|Any CPU
		{FFEAA386-8E79-4691-B5B5-73BDE413081A}.Release|Any CPU.ActiveCfg = Release|Any CPU
		{FFEAA386-8E79-4691-B5B5-73BDE413081A}.Release|Any CPU.Build.0 = Release|Any CPU
		{9FD9233D-FB66-480A-8B04-866FA27B9828}.Debug|Any CPU.ActiveCfg = Debug|Any CPU
		{9FD9233D-FB66-480A-8B04-866FA27B9828}.Debug|Any CPU.Build.0 = Debug|Any CPU
		{9FD9233D-FB66-480A-8B04-866FA27B9828}.Release|Any CPU.ActiveCfg = Release|Any CPU
		{9FD9233D-FB66-480A-8B04-866FA27B9828}.Release|Any CPU.Build.0 = Release|Any CPU
		{1BEF89C8-3B8C-4F96-ACFD-2B2C57E8AA34}.Debug|Any CPU.ActiveCfg = Debug|Any CPU
		{1BEF89C8-3B8C-4F96-ACFD-2B2C57E8AA34}.Debug|Any CPU.Build.0 = Debug|Any CPU
		{1BEF89C8-3B8C-4F96-ACFD-2B2C57E8AA34}.Release|Any CPU.ActiveCfg = Release|Any CPU
		{1BEF89C8-3B8C-4F96-ACFD-2B2C57E8AA34}.Release|Any CPU.Build.0 = Release|Any CPU
		{745DC1C5-257A-438F-900D-D6E15A9E9F2F}.Debug|Any CPU.ActiveCfg = Debug|Any CPU
		{745DC1C5-257A-438F-900D-D6E15A9E9F2F}.Debug|Any CPU.Build.0 = Debug|Any CPU
		{745DC1C5-257A-438F-900D-D6E15A9E9F2F}.Release|Any CPU.ActiveCfg = Release|Any CPU
		{745DC1C5-257A-438F-900D-D6E15A9E9F2F}.Release|Any CPU.Build.0 = Release|Any CPU
		{C07FCCEB-A35C-4F09-9A4B-5A69D1686D28}.Debug|Any CPU.ActiveCfg = Debug|Any CPU
		{C07FCCEB-A35C-4F09-9A4B-5A69D1686D28}.Debug|Any CPU.Build.0 = Debug|Any CPU
		{C07FCCEB-A35C-4F09-9A4B-5A69D1686D28}.Release|Any CPU.ActiveCfg = Release|Any CPU
		{C07FCCEB-A35C-4F09-9A4B-5A69D1686D28}.Release|Any CPU.Build.0 = Release|Any CPU
		{21A78014-DA5B-4074-8AF0-B508277272C9}.Debug|Any CPU.ActiveCfg = Debug|Any CPU
		{21A78014-DA5B-4074-8AF0-B508277272C9}.Debug|Any CPU.Build.0 = Debug|Any CPU
		{21A78014-DA5B-4074-8AF0-B508277272C9}.Release|Any CPU.ActiveCfg = Release|Any CPU
		{21A78014-DA5B-4074-8AF0-B508277272C9}.Release|Any CPU.Build.0 = Release|Any CPU
		{89141AB6-78E1-42CA-9AD8-723B0A69391A}.Debug|Any CPU.ActiveCfg = Debug|Any CPU
		{89141AB6-78E1-42CA-9AD8-723B0A69391A}.Debug|Any CPU.Build.0 = Debug|Any CPU
		{89141AB6-78E1-42CA-9AD8-723B0A69391A}.Release|Any CPU.ActiveCfg = Release|Any CPU
		{89141AB6-78E1-42CA-9AD8-723B0A69391A}.Release|Any CPU.Build.0 = Release|Any CPU
		{FB7FCF0D-63E2-4C24-8385-0B00C32499A0}.Debug|Any CPU.ActiveCfg = Debug|Any CPU
		{FB7FCF0D-63E2-4C24-8385-0B00C32499A0}.Debug|Any CPU.Build.0 = Debug|Any CPU
		{FB7FCF0D-63E2-4C24-8385-0B00C32499A0}.Release|Any CPU.ActiveCfg = Release|Any CPU
		{FB7FCF0D-63E2-4C24-8385-0B00C32499A0}.Release|Any CPU.Build.0 = Release|Any CPU
		{FDD40395-C674-418E-A0FD-93FEFC187A30}.Debug|Any CPU.ActiveCfg = Debug|Any CPU
		{FDD40395-C674-418E-A0FD-93FEFC187A30}.Debug|Any CPU.Build.0 = Debug|Any CPU
		{FDD40395-C674-418E-A0FD-93FEFC187A30}.Release|Any CPU.ActiveCfg = Release|Any CPU
		{FDD40395-C674-418E-A0FD-93FEFC187A30}.Release|Any CPU.Build.0 = Release|Any CPU
		{F2BEBAC3-DC46-48CB-A11E-D811E84B2914}.Debug|Any CPU.ActiveCfg = Debug|Any CPU
		{F2BEBAC3-DC46-48CB-A11E-D811E84B2914}.Debug|Any CPU.Build.0 = Debug|Any CPU
		{F2BEBAC3-DC46-48CB-A11E-D811E84B2914}.Release|Any CPU.ActiveCfg = Release|Any CPU
		{F2BEBAC3-DC46-48CB-A11E-D811E84B2914}.Release|Any CPU.Build.0 = Release|Any CPU
		{0E7594EB-96F0-4A43-8120-4DE81FA3141E}.Debug|Any CPU.ActiveCfg = Debug|Any CPU
		{0E7594EB-96F0-4A43-8120-4DE81FA3141E}.Debug|Any CPU.Build.0 = Debug|Any CPU
		{0E7594EB-96F0-4A43-8120-4DE81FA3141E}.Release|Any CPU.ActiveCfg = Release|Any CPU
		{0E7594EB-96F0-4A43-8120-4DE81FA3141E}.Release|Any CPU.Build.0 = Release|Any CPU
		{08B0CA34-DDD1-4B90-BFB9-346CEE3A3592}.Debug|Any CPU.ActiveCfg = Debug|Any CPU
		{08B0CA34-DDD1-4B90-BFB9-346CEE3A3592}.Debug|Any CPU.Build.0 = Debug|Any CPU
		{08B0CA34-DDD1-4B90-BFB9-346CEE3A3592}.Release|Any CPU.ActiveCfg = Release|Any CPU
		{08B0CA34-DDD1-4B90-BFB9-346CEE3A3592}.Release|Any CPU.Build.0 = Release|Any CPU
		{425714ED-A407-4FB1-9221-EDEC83052E77}.Debug|Any CPU.ActiveCfg = Debug|Any CPU
		{425714ED-A407-4FB1-9221-EDEC83052E77}.Debug|Any CPU.Build.0 = Debug|Any CPU
		{425714ED-A407-4FB1-9221-EDEC83052E77}.Release|Any CPU.ActiveCfg = Release|Any CPU
		{425714ED-A407-4FB1-9221-EDEC83052E77}.Release|Any CPU.Build.0 = Release|Any CPU
		{A069BB55-6C6F-4E53-9126-0E5A7AECD735}.Debug|Any CPU.ActiveCfg = Debug|Any CPU
		{A069BB55-6C6F-4E53-9126-0E5A7AECD735}.Debug|Any CPU.Build.0 = Debug|Any CPU
		{A069BB55-6C6F-4E53-9126-0E5A7AECD735}.Release|Any CPU.ActiveCfg = Release|Any CPU
		{A069BB55-6C6F-4E53-9126-0E5A7AECD735}.Release|Any CPU.Build.0 = Release|Any CPU
		{4973A09F-1A05-4B75-AC66-58FFE864F509}.Debug|Any CPU.ActiveCfg = Debug|Any CPU
		{4973A09F-1A05-4B75-AC66-58FFE864F509}.Debug|Any CPU.Build.0 = Debug|Any CPU
		{4973A09F-1A05-4B75-AC66-58FFE864F509}.Release|Any CPU.ActiveCfg = Release|Any CPU
		{4973A09F-1A05-4B75-AC66-58FFE864F509}.Release|Any CPU.Build.0 = Release|Any CPU
	EndGlobalSection
	GlobalSection(SolutionProperties) = preSolution
		HideSolutionNode = FALSE
	EndGlobalSection
	GlobalSection(ExtensibilityGlobals) = postSolution
		SolutionGuid = {4392A0B4-C25D-4A51-AA67-94CDE2418BB6}
	EndGlobalSection
EndGlobal
